
Microsoft Visual Studio Solution File, Format Version 12.00
# Visual Studio Version 17
VisualStudioVersion = 17.3.32825.248
MinimumVisualStudioVersion = 10.0.40219.1
Project("{FAE04EC0-301F-11D3-BF4B-00C04F79EFBC}") = "3033_4_lc_0915", "3033_4_lc_0915\3033_4_lc_0915.csproj", "{8DE41435-3277-4D2D-A93F-1924E0AB077A}"
EndProject
Global
	GlobalSection(SolutionConfigurationPlatforms) = preSolution
		Debug|Any CPU = Debug|Any CPU
		Release|Any CPU = Release|Any CPU
	EndGlobalSection
	GlobalSection(ProjectConfigurationPlatforms) = postSolution
		{8DE41435-3277-4D2D-A93F-1924E0AB077A}.Debug|Any CPU.ActiveCfg = Debug|Any CPU
		{8DE41435-3277-4D2D-A93F-1924E0AB077A}.Debug|Any CPU.Build.0 = Debug|Any CPU
		{8DE41435-3277-4D2D-A93F-1924E0AB077A}.Release|Any CPU.ActiveCfg = Release|Any CPU
		{8DE41435-3277-4D2D-A93F-1924E0AB077A}.Release|Any CPU.Build.0 = Release|Any CPU
	EndGlobalSection
	GlobalSection(SolutionProperties) = preSolution
		HideSolutionNode = FALSE
	EndGlobalSection
	GlobalSection(ExtensibilityGlobals) = postSolution
		SolutionGuid = {FED2D0CE-0835-4429-9333-B82D13EB3200}
	EndGlobalSection
EndGlobal
